
Microsoft Visual Studio Solution File, Format Version 12.00
# Visual Studio Version 17
VisualStudioVersion = 17.7.34031.279
MinimumVisualStudioVersion = 10.0.40219.1
Project("{8BC9CEB8-8B4A-11D0-8D11-00A0C91BC942}") = "Snake", "Snake.vcxproj", "{BDE2C49C-CEA8-44CA-8438-35B58BABC68C}"
EndProject
Global
	GlobalSection(SolutionConfigurationPlatforms) = preSolution
		Debug|x64 = Debug|x64
		Debug|x86 = Debug|x86
		Release|x64 = Release|x64
		Release|x86 = Release|x86
	EndGlobalSection
	GlobalSection(ProjectConfigurationPlatforms) = postSolution
		{BDE2C49C-CEA8-44CA-8438-35B58BABC68C}.Debug|x64.ActiveCfg = Debug|x64
		{BDE2C49C-CEA8-44CA-8438-35B58BABC68C}.Debug|x64.Build.0 = Debug|x64
		{BDE2C49C-CEA8-44CA-8438-35B58BABC68C}.Debug|x86.ActiveCfg = Debug|Win32
		{BDE2C49C-CEA8-44CA-8438-35B58BABC68C}.Debug|x86.Build.0 = Debug|Win32
		{BDE2C49C-CEA8-44CA-8438-35B58BABC68C}.Release|x64.ActiveCfg = Release|x64
		{BDE2C49C-CEA8-44CA-8438-35B58BABC68C}.Release|x64.Build.0 = Release|x64
		{BDE2C49C-CEA8-44CA-8438-35B58BABC68C}.Release|x86.ActiveCfg = Release|Win32
		{BDE2C49C-CEA8-44CA-8438-35B58BABC68C}.Release|x86.Build.0 = Release|Win32
	EndGlobalSection
	GlobalSection(SolutionProperties) = preSolution
		HideSolutionNode = FALSE
	EndGlobalSection
	GlobalSection(ExtensibilityGlobals) = postSolution
		SolutionGuid = {50F54ADE-7796-4372-959A-81AC9F411247}
	EndGlobalSection
EndGlobal
